
Microsoft Visual Studio Solution File, Format Version 12.00
# Visual Studio Version 17
VisualStudioVersion = 17.7.34024.191
MinimumVisualStudioVersion = 10.0.40219.1
Project("{9A19103F-16F7-4668-BE54-9A1E7A4F7556}") = "Core", "Core\Core.csproj", "{9BF4580F-F0B7-42DD-9929-52C662E76FC1}"
EndProject
Project("{9A19103F-16F7-4668-BE54-9A1E7A4F7556}") = "Produtor", "Produtor\Produtor.csproj", "{C79ED59D-4475-4903-8335-C1E1513EF434}"
EndProject
Project("{FAE04EC0-301F-11D3-BF4B-00C04F79EFBC}") = "Consumer", "Consumer\Consumer.csproj", "{1658AF32-1887-4C20-87AA-FEBA331CB19F}"
EndProject
Global
	GlobalSection(SolutionConfigurationPlatforms) = preSolution
		Debug|Any CPU = Debug|Any CPU
		Release|Any CPU = Release|Any CPU
	EndGlobalSection
	GlobalSection(ProjectConfigurationPlatforms) = postSolution
		{9BF4580F-F0B7-42DD-9929-52C662E76FC1}.Debug|Any CPU.ActiveCfg = Debug|Any CPU
		{9BF4580F-F0B7-42DD-9929-52C662E76FC1}.Debug|Any CPU.Build.0 = Debug|Any CPU
		{9BF4580F-F0B7-42DD-9929-52C662E76FC1}.Release|Any CPU.ActiveCfg = Release|Any CPU
		{9BF4580F-F0B7-42DD-9929-52C662E76FC1}.Release|Any CPU.Build.0 = Release|Any CPU
		{C79ED59D-4475-4903-8335-C1E1513EF434}.Debug|Any CPU.ActiveCfg = Debug|Any CPU
		{C79ED59D-4475-4903-8335-C1E1513EF434}.Debug|Any CPU.Build.0 = Debug|Any CPU
		{C79ED59D-4475-4903-8335-C1E1513EF434}.Release|Any CPU.ActiveCfg = Release|Any CPU
		{C79ED59D-4475-4903-8335-C1E1513EF434}.Release|Any CPU.Build.0 = Release|Any CPU
		{1658AF32-1887-4C20-87AA-FEBA331CB19F}.Debug|Any CPU.ActiveCfg = Debug|Any CPU
		{1658AF32-1887-4C20-87AA-FEBA331CB19F}.Debug|Any CPU.Build.0 = Debug|Any CPU
		{1658AF32-1887-4C20-87AA-FEBA331CB19F}.Release|Any CPU.ActiveCfg = Release|Any CPU
		{1658AF32-1887-4C20-87AA-FEBA331CB19F}.Release|Any CPU.Build.0 = Release|Any CPU
	EndGlobalSection
	GlobalSection(SolutionProperties) = preSolution
		HideSolutionNode = FALSE
	EndGlobalSection
EndGlobal
